// !$*UTF8*$!
{
	archiveVersion = 1;
	classes = {
	};
	objectVersion = 56;
	objects = {

/* Begin PBXBuildFile section */
		8BBC8ABF2AD0374500EEF347 /* AppDelegate.swift in Sources */ = {isa = PBXBuildFile; fileRef = 8BBC8ABE2AD0374500EEF347 /* AppDelegate.swift */; };
		8BBC8AC12AD0374500EEF347 /* SceneDelegate.swift in Sources */ = {isa = PBXBuildFile; fileRef = 8BBC8AC02AD0374500EEF347 /* SceneDelegate.swift */; };
		8BBC8AC32AD0374500EEF347 /* ReminderListViewController.swift in Sources */ = {isa = PBXBuildFile; fileRef = 8BBC8AC22AD0374500EEF347 /* ReminderListViewController.swift */; };
		8BBC8AC62AD0374500EEF347 /* Main.storyboard in Resources */ = {isa = PBXBuildFile; fileRef = 8BBC8AC42AD0374500EEF347 /* Main.storyboard */; };
		8BBC8AC82AD0374700EEF347 /* Assets.xcassets in Resources */ = {isa = PBXBuildFile; fileRef = 8BBC8AC72AD0374700EEF347 /* Assets.xcassets */; };
		8BBC8ACB2AD0374700EEF347 /* LaunchScreen.storyboard in Resources */ = {isa = PBXBuildFile; fileRef = 8BBC8AC92AD0374700EEF347 /* LaunchScreen.storyboard */; };
		8BBC8AD72AD2548700EEF347 /* Reminder.swift in Sources */ = {isa = PBXBuildFile; fileRef = 8BBC8AD62AD2548700EEF347 /* Reminder.swift */; };
/* End PBXBuildFile section */

/* Begin PBXFileReference section */
		8BBC8ABB2AD0374500EEF347 /* Tutorials_ListView.app */ = {isa = PBXFileReference; explicitFileType = wrapper.application; includeInIndex = 0; path = Tutorials_ListView.app; sourceTree = BUILT_PRODUCTS_DIR; };
		8BBC8ABE2AD0374500EEF347 /* AppDelegate.swift */ = {isa = PBXFileReference; lastKnownFileType = sourcecode.swift; path = AppDelegate.swift; sourceTree = "<group>"; };
		8BBC8AC02AD0374500EEF347 /* SceneDelegate.swift */ = {isa = PBXFileReference; lastKnownFileType = sourcecode.swift; path = SceneDelegate.swift; sourceTree = "<group>"; };
		8BBC8AC22AD0374500EEF347 /* ReminderListViewController.swift */ = {isa = PBXFileReference; lastKnownFileType = sourcecode.swift; path = ReminderListViewController.swift; sourceTree = "<group>"; };
		8BBC8AC52AD0374500EEF347 /* Base */ = {isa = PBXFileReference; lastKnownFileType = file.storyboard; name = Base; path = Base.lproj/Main.storyboard; sourceTree = "<group>"; };
		8BBC8AC72AD0374700EEF347 /* Assets.xcassets */ = {isa = PBXFileReference; lastKnownFileType = folder.assetcatalog; path = Assets.xcassets; sourceTree = "<group>"; };
		8BBC8ACA2AD0374700EEF347 /* Base */ = {isa = PBXFileReference; lastKnownFileType = file.storyboard; name = Base; path = Base.lproj/LaunchScreen.storyboard; sourceTree = "<group>"; };
		8BBC8ACC2AD0374700EEF347 /* Info.plist */ = {isa = PBXFileReference; lastKnownFileType = text.plist.xml; path = Info.plist; sourceTree = "<group>"; };
		8BBC8AD62AD2548700EEF347 /* Reminder.swift */ = {isa = PBXFileReference; lastKnownFileType = sourcecode.swift; path = Reminder.swift; sourceTree = "<group>"; };
/* End PBXFileReference section */

/* Begin PBXFrameworksBuildPhase section */
		8BBC8AB82AD0374500EEF347 /* Frameworks */ = {
			isa = PBXFrameworksBuildPhase;
			buildActionMask = 2147483647;
			files = (
			);
			runOnlyForDeploymentPostprocessing = 0;
		};
/* End PBXFrameworksBuildPhase section */

/* Begin PBXGroup section */
		8BBC8AB22AD0374500EEF347 = {
			isa = PBXGroup;
			children = (
				8BBC8ABD2AD0374500EEF347 /* Tutorials_ListView */,
				8BBC8ABC2AD0374500EEF347 /* Products */,
			);
			sourceTree = "<group>";
		};
		8BBC8ABC2AD0374500EEF347 /* Products */ = {
			isa = PBXGroup;
			children = (
				8BBC8ABB2AD0374500EEF347 /* Tutorials_ListView.app */,
			);
			name = Products;
			sourceTree = "<group>";
		};
		8BBC8ABD2AD0374500EEF347 /* Tutorials_ListView */ = {
			isa = PBXGroup;
			children = (
				8BBC8AD52AD2545200EEF347 /* Models */,
				8BBC8ABE2AD0374500EEF347 /* AppDelegate.swift */,
				8BBC8AC02AD0374500EEF347 /* SceneDelegate.swift */,
				8BBC8AC22AD0374500EEF347 /* ReminderListViewController.swift */,
				8BBC8AC42AD0374500EEF347 /* Main.storyboard */,
				8BBC8AC72AD0374700EEF347 /* Assets.xcassets */,
				8BBC8AC92AD0374700EEF347 /* LaunchScreen.storyboard */,
				8BBC8ACC2AD0374700EEF347 /* Info.plist */,
			);
			path = Tutorials_ListView;
			sourceTree = "<group>";
		};
		8BBC8AD52AD2545200EEF347 /* Models */ = {
			isa = PBXGroup;
			children = (
				8BBC8AD62AD2548700EEF347 /* Reminder.swift */,
			);
			path = Models;
			sourceTree = "<group>";
		};
/* End PBXGroup section */

/* Begin PBXNativeTarget section */
		8BBC8ABA2AD0374500EEF347 /* Tutorials_ListView */ = {
			isa = PBXNativeTarget;
			buildConfigurationList = 8BBC8ACF2AD0374700EEF347 /* Build configuration list for PBXNativeTarget "Tutorials_ListView" */;
			buildPhases = (
				8BBC8AB72AD0374500EEF347 /* Sources */,
				8BBC8AB82AD0374500EEF347 /* Frameworks */,
				8BBC8AB92AD0374500EEF347 /* Resources */,
			);
			buildRules = (
			);
			dependencies = (
			);
			name = Tutorials_ListView;
			productName = Tutorials_ListView;
			productReference = 8BBC8ABB2AD0374500EEF347 /* Tutorials_ListView.app */;
			productType = "com.apple.product-type.application";
		};
/* End PBXNativeTarget section */

/* Begin PBXProject section */
		8BBC8AB32AD0374500EEF347 /* Project object */ = {
			isa = PBXProject;
			attributes = {
				BuildIndependentTargetsInParallel = 1;
				LastSwiftUpdateCheck = 1430;
				LastUpgradeCheck = 1430;
				TargetAttributes = {
					8BBC8ABA2AD0374500EEF347 = {
						CreatedOnToolsVersion = 14.3.1;
					};
				};
			};
			buildConfigurationList = 8BBC8AB62AD0374500EEF347 /* Build configuration list for PBXProject "Tutorials_ListView" */;
			compatibilityVersion = "Xcode 14.0";
			developmentRegion = en;
			hasScannedForEncodings = 0;
			knownRegions = (
				en,
				Base,
			);
			mainGroup = 8BBC8AB22AD0374500EEF347;
			productRefGroup = 8BBC8ABC2AD0374500EEF347 /* Products */;
			projectDirPath = "";
			projectRoot = "";
			targets = (
				8BBC8ABA2AD0374500EEF347 /* Tutorials_ListView */,
			);
		};
/* End PBXProject section */

/* Begin PBXResourcesBuildPhase section */
		8BBC8AB92AD0374500EEF347 /* Resources */ = {
			isa = PBXResourcesBuildPhase;
			buildActionMask = 2147483647;
			files = (
				8BBC8ACB2AD0374700EEF347 /* LaunchScreen.storyboard in Resources */,
				8BBC8AC82AD0374700EEF347 /* Assets.xcassets in Resources */,
				8BBC8AC62AD0374500EEF347 /* Main.storyboard in Resources */,
			);
			runOnlyForDeploymentPostprocessing = 0;
		};
/* End PBXResourcesBuildPhase section */

/* Begin PBXSourcesBuildPhase section */
		8BBC8AB72AD0374500EEF347 /* Sources */ = {
			isa = PBXSourcesBuildPhase;
			buildActionMask = 2147483647;
			files = (
				8BBC8AC32AD0374500EEF347 /* ReminderListViewController.swift in Sources */,
				8BBC8ABF2AD0374500EEF347 /* AppDelegate.swift in Sources */,
				8BBC8AC12AD0374500EEF347 /* SceneDelegate.swift in Sources */,
				8BBC8AD72AD2548700EEF347 /* Reminder.swift in Sources */,
			);
			runOnlyForDeploymentPostprocessing = 0;
		};
/* End PBXSourcesBuildPhase section */

/* Begin PBXVariantGroup section */
		8BBC8AC42AD0374500EEF347 /* Main.storyboard */ = {
			isa = PBXVariantGroup;
			children = (
				8BBC8AC52AD0374500EEF347 /* Base */,
			);
			name = Main.storyboard;
			sourceTree = "<group>";
		};
		8BBC8AC92AD0374700EEF347 /* LaunchScreen.storyboard */ = {
			isa = PBXVariantGroup;
			children = (
				8BBC8ACA2AD0374700EEF347 /* Base */,
			);
			name = LaunchScreen.storyboard;
			sourceTree = "<group>";
		};
/* End PBXVariantGroup section */

/* Begin XCBuildConfiguration section */
		8BBC8ACD2AD0374700EEF347 /* Debug */ = {
			isa = XCBuildConfiguration;
			buildSettings = {
				ALWAYS_SEARCH_USER_PATHS = NO;
				CLANG_ANALYZER_NONNULL = YES;
				CLANG_ANALYZER_NUMBER_OBJECT_CONVERSION = YES_AGGRESSIVE;
				CLANG_CXX_LANGUAGE_STANDARD = "gnu++20";
				CLANG_ENABLE_MODULES = YES;
				CLANG_ENABLE_OBJC_ARC = YES;
				CLANG_ENABLE_OBJC_WEAK = YES;
				CLANG_WARN_BLOCK_CAPTURE_AUTORELEASING = YES;
				CLANG_WARN_BOOL_CONVERSION = YES;
				CLANG_WARN_COMMA = YES;
				CLANG_WARN_CONSTANT_CONVERSION = YES;
				CLANG_WARN_DEPRECATED_OBJC_IMPLEMENTATIONS = YES;
				CLANG_WARN_DIRECT_OBJC_ISA_USAGE = YES_ERROR;
				CLANG_WARN_DOCUMENTATION_COMMENTS = YES;
				CLANG_WARN_EMPTY_BODY = YES;
				CLANG_WARN_ENUM_CONVERSION = YES;
				CLANG_WARN_INFINITE_RECURSION = YES;
				CLANG_WARN_INT_CONVERSION = YES;
				CLANG_WARN_NON_LITERAL_NULL_CONVERSION = YES;
				CLANG_WARN_OBJC_IMPLICIT_RETAIN_SELF = YES;
				CLANG_WARN_OBJC_LITERAL_CONVERSION = YES;
				CLANG_WARN_OBJC_ROOT_CLASS = YES_ERROR;
				CLANG_WARN_QUOTED_INCLUDE_IN_FRAMEWORK_HEADER = YES;
				CLANG_WARN_RANGE_LOOP_ANALYSIS = YES;
				CLANG_WARN_STRICT_PROTOTYPES = YES;
				CLANG_WARN_SUSPICIOUS_MOVE = YES;
				CLANG_WARN_UNGUARDED_AVAILABILITY = YES_AGGRESSIVE;
				CLANG_WARN_UNREACHABLE_CODE = YES;
				CLANG_WARN__DUPLICATE_METHOD_MATCH = YES;
				COPY_PHASE_STRIP = NO;
				DEBUG_INFORMATION_FORMAT = dwarf;
				ENABLE_STRICT_OBJC_MSGSEND = YES;
				ENABLE_TESTABILITY = YES;
				GCC_C_LANGUAGE_STANDARD = gnu11;
				GCC_DYNAMIC_NO_PIC = NO;
				GCC_NO_COMMON_BLOCKS = YES;
				GCC_OPTIMIZATION_LEVEL = 0;
				GCC_PREPROCESSOR_DEFINITIONS = (
					"DEBUG=1",
					"$(inherited)",
				);
				GCC_WARN_64_TO_32_BIT_CONVERSION = YES;
				GCC_WARN_ABOUT_RETURN_TYPE = YES_ERROR;
				GCC_WARN_UNDECLARED_SELECTOR = YES;
				GCC_WARN_UNINITIALIZED_AUTOS = YES_AGGRESSIVE;
				GCC_WARN_UNUSED_FUNCTION = YES;
				GCC_WARN_UNUSED_VARIABLE = YES;
				IPHONEOS_DEPLOYMENT_TARGET = 16.4;
				MTL_ENABLE_DEBUG_INFO = INCLUDE_SOURCE;
				MTL_FAST_MATH = YES;
				ONLY_ACTIVE_ARCH = YES;
				SDKROOT = iphoneos;
				SWIFT_ACTIVE_COMPILATION_CONDITIONS = DEBUG;
				SWIFT_OPTIMIZATION_LEVEL = "-Onone";
			};
			name = Debug;
		};
		8BBC8ACE2AD0374700EEF347 /* Release */ = {
			isa = XCBuildConfiguration;
			buildSettings = {
				ALWAYS_SEARCH_USER_PATHS = NO;
				CLANG_ANALYZER_NONNULL = YES;
				CLANG_ANALYZER_NUMBER_OBJECT_CONVERSION = YES_AGGRESSIVE;
				CLANG_CXX_LANGUAGE_STANDARD = "gnu++20";
				CLANG_ENABLE_MODULES = YES;
				CLANG_ENABLE_OBJC_ARC = YES;
				CLANG_ENABLE_OBJC_WEAK = YES;
				CLANG_WARN_BLOCK_CAPTURE_AUTORELEASING = YES;
				CLANG_WARN_BOOL_CONVERSION = YES;
				CLANG_WARN_COMMA = YES;
				CLANG_WARN_CONSTANT_CONVERSION = YES;
				CLANG_WARN_DEPRECATED_OBJC_IMPLEMENTATIONS = YES;
				CLANG_WARN_DIRECT_OBJC_ISA_USAGE = YES_ERROR;
				CLANG_WARN_DOCUMENTATION_COMMENTS = YES;
				CLANG_WARN_EMPTY_BODY = YES;
				CLANG_WARN_ENUM_CONVERSION = YES;
				CLANG_WARN_INFINITE_RECURSION = YES;
				CLANG_WARN_INT_CONVERSION = YES;
				CLANG_WARN_NON_LITERAL_NULL_CONVERSION = YES;
				CLANG_WARN_OBJC_IMPLICIT_RETAIN_SELF = YES;
				CLANG_WARN_OBJC_LITERAL_CONVERSION = YES;
				CLANG_WARN_OBJC_ROOT_CLASS = YES_ERROR;
				CLANG_WARN_QUOTED_INCLUDE_IN_FRAMEWORK_HEADER = YES;
				CLANG_WARN_RANGE_LOOP_ANALYSIS = YES;
				CLANG_WARN_STRICT_PROTOTYPES = YES;
				CLANG_WARN_SUSPICIOUS_MOVE = YES;
				CLANG_WARN_UNGUARDED_AVAILABILITY = YES_AGGRESSIVE;
				CLANG_WARN_UNREACHABLE_CODE = YES;
				CLANG_WARN__DUPLICATE_METHOD_MATCH = YES;
				COPY_PHASE_STRIP = NO;
				DEBUG_INFORMATION_FORMAT = "dwarf-with-dsym";
				ENABLE_NS_ASSERTIONS = NO;
				ENABLE_STRICT_OBJC_MSGSEND = YES;
				GCC_C_LANGUAGE_STANDARD = gnu11;
				GCC_NO_COMMON_BLOCKS = YES;
				GCC_WARN_64_TO_32_BIT_CONVERSION = YES;
				GCC_WARN_ABOUT_RETURN_TYPE = YES_ERROR;
				GCC_WARN_UNDECLARED_SELECTOR = YES;
				GCC_WARN_UNINITIALIZED_AUTOS = YES_AGGRESSIVE;
				GCC_WARN_UNUSED_FUNCTION = YES;
				GCC_WARN_UNUSED_VARIABLE = YES;
				IPHONEOS_DEPLOYMENT_TARGET = 16.4;
				MTL_ENABLE_DEBUG_INFO = NO;
				MTL_FAST_MATH = YES;
				SDKROOT = iphoneos;
				SWIFT_COMPILATION_MODE = wholemodule;
				SWIFT_OPTIMIZATION_LEVEL = "-O";
				VALIDATE_PRODUCT = YES;
			};
			name = Release;
		};
		8BBC8AD02AD0374700EEF347 /* Debug */ = {
			isa = XCBuildConfiguration;
			buildSettings = {
				ASSETCATALOG_COMPILER_APPICON_NAME = AppIcon;
				ASSETCATALOG_COMPILER_GLOBAL_ACCENT_COLOR_NAME = AccentColor;
				CODE_SIGN_STYLE = Automatic;
				CURRENT_PROJECT_VERSION = 1;
				GENERATE_INFOPLIST_FILE = YES;
				INFOPLIST_FILE = Tutorials_ListView/Info.plist;
				INFOPLIST_KEY_UIApplicationSupportsIndirectInputEvents = YES;
				INFOPLIST_KEY_UILaunchStoryboardName = LaunchScreen;
				INFOPLIST_KEY_UIMainStoryboardFile = Main;
				INFOPLIST_KEY_UISupportedInterfaceOrientations_iPad = "UIInterfaceOrientationPortrait UIInterfaceOrientationPortraitUpsideDown UIInterfaceOrientationLandscapeLeft UIInterfaceOrientationLandscapeRight";
				INFOPLIST_KEY_UISupportedInterfaceOrientations_iPhone = "UIInterfaceOrientationPortrait UIInterfaceOrientationLandscapeLeft UIInterfaceOrientationLandscapeRight";
				LD_RUNPATH_SEARCH_PATHS = (
					"$(inherited)",
					"@executable_path/Frameworks",
				);
				MARKETING_VERSION = 1.0;
				PRODUCT_BUNDLE_IDENTIFIER = "com.sa.fujii.68.Tutorials-ListView";
				PRODUCT_NAME = "$(TARGET_NAME)";
				SWIFT_EMIT_LOC_STRINGS = YES;
				SWIFT_VERSION = 5.0;
				TARGETED_DEVICE_FAMILY = "1,2";
			};
			name = Debug;
		};
		8BBC8AD12AD0374700EEF347 /* Release */ = {
			isa = XCBuildConfiguration;
			buildSettings = {
				ASSETCATALOG_COMPILER_APPICON_NAME = AppIcon;
				ASSETCATALOG_COMPILER_GLOBAL_ACCENT_COLOR_NAME = AccentColor;
				CODE_SIGN_STYLE = Automatic;
				CURRENT_PROJECT_VERSION = 1;
				GENERATE_INFOPLIST_FILE = YES;
				INFOPLIST_FILE = Tutorials_ListView/Info.plist;
				INFOPLIST_KEY_UIApplicationSupportsIndirectInputEvents = YES;
				INFOPLIST_KEY_UILaunchStoryboardName = LaunchScreen;
				INFOPLIST_KEY_UIMainStoryboardFile = Main;
				INFOPLIST_KEY_UISupportedInterfaceOrientations_iPad = "UIInterfaceOrientationPortrait UIInterfaceOrientationPortraitUpsideDown UIInterfaceOrientationLandscapeLeft UIInterfaceOrientationLandscapeRight";
				INFOPLIST_KEY_UISupportedInterfaceOrientations_iPhone = "UIInterfaceOrientationPortrait UIInterfaceOrientationLandscapeLeft UIInterfaceOrientationLandscapeRight";
				LD_RUNPATH_SEARCH_PATHS = (
					"$(inherited)",
					"@executable_path/Frameworks",
				);
				MARKETING_VERSION = 1.0;
				PRODUCT_BUNDLE_IDENTIFIER = "com.sa.fujii.68.Tutorials-ListView";
				PRODUCT_NAME = "$(TARGET_NAME)";
				SWIFT_EMIT_LOC_STRINGS = YES;
				SWIFT_VERSION = 5.0;
				TARGETED_DEVICE_FAMILY = "1,2";
			};
			name = Release;
		};
/* End XCBuildConfiguration section */

/* Begin XCConfigurationList section */
		8BBC8AB62AD0374500EEF347 /* Build configuration list for PBXProject "Tutorials_ListView" */ = {
			isa = XCConfigurationList;
			buildConfigurations = (
				8BBC8ACD2AD0374700EEF347 /* Debug */,
				8BBC8ACE2AD0374700EEF347 /* Release */,
			);
			defaultConfigurationIsVisible = 0;
			defaultConfigurationName = Release;
		};
		8BBC8ACF2AD0374700EEF347 /* Build configuration list for PBXNativeTarget "Tutorials_ListView" */ = {
			isa = XCConfigurationList;
			buildConfigurations = (
				8BBC8AD02AD0374700EEF347 /* Debug */,
				8BBC8AD12AD0374700EEF347 /* Release */,
			);
			defaultConfigurationIsVisible = 0;
			defaultConfigurationName = Release;
		};
/* End XCConfigurationList section */
	};
	rootObject = 8BBC8AB32AD0374500EEF347 /* Project object */;
}
